
Microsoft Visual Studio Solution File, Format Version 12.00
# Visual Studio Version 16
VisualStudioVersion = 16.0.28922.388
MinimumVisualStudioVersion = 10.0.40219.1
Project("{9A19103F-16F7-4668-BE54-9A1E7A4F7556}") = "BankRepository", "BankRepository\BankRepository.csproj", "{28496A4B-3843-4DEF-B034-D84B386FB1AE}"
EndProject
Global
	GlobalSection(SolutionConfigurationPlatforms) = preSolution
		Debug|Any CPU = Debug|Any CPU
		Release|Any CPU = Release|Any CPU
	EndGlobalSection
	GlobalSection(ProjectConfigurationPlatforms) = postSolution
		{28496A4B-3843-4DEF-B034-D84B386FB1AE}.Debug|Any CPU.ActiveCfg = Debug|Any CPU
		{28496A4B-3843-4DEF-B034-D84B386FB1AE}.Debug|Any CPU.Build.0 = Debug|Any CPU
		{28496A4B-3843-4DEF-B034-D84B386FB1AE}.Release|Any CPU.ActiveCfg = Release|Any CPU
		{28496A4B-3843-4DEF-B034-D84B386FB1AE}.Release|Any CPU.Build.0 = Release|Any CPU
	EndGlobalSection
	GlobalSection(SolutionProperties) = preSolution
		HideSolutionNode = FALSE
	EndGlobalSection
	GlobalSection(ExtensibilityGlobals) = postSolution
		SolutionGuid = {E654AAB6-C4F9-4D7D-B9CA-3661F636F134}
	EndGlobalSection
EndGlobal
